
Microsoft Visual Studio Solution File, Format Version 12.00
# Visual Studio 2012
Project("{FAE04EC0-301F-11D3-BF4B-00C04F79EFBC}") = "YATC", "YATC\YATC.csproj", "{D62DA087-4724-49A3-91B5-83689F442747}"
EndProject
Project("{FAE04EC0-301F-11D3-BF4B-00C04F79EFBC}") = "Tiger", "YATC.Compiler\Tiger.csproj", "{8B1FA297-B497-4F06-A6AE-87D73920AA57}"
EndProject
Global
	GlobalSection(SolutionConfigurationPlatforms) = preSolution
		Debug|Any CPU = Debug|Any CPU
		Release|Any CPU = Release|Any CPU
	EndGlobalSection
	GlobalSection(ProjectConfigurationPlatforms) = postSolution
		{D62DA087-4724-49A3-91B5-83689F442747}.Debug|Any CPU.ActiveCfg = Debug|Any CPU
		{D62DA087-4724-49A3-91B5-83689F442747}.Debug|Any CPU.Build.0 = Debug|Any CPU
		{D62DA087-4724-49A3-91B5-83689F442747}.Release|Any CPU.ActiveCfg = Release|Any CPU
		{D62DA087-4724-49A3-91B5-83689F442747}.Release|Any CPU.Build.0 = Release|Any CPU
		{8B1FA297-B497-4F06-A6AE-87D73920AA57}.Debug|Any CPU.ActiveCfg = Debug|Any CPU
		{8B1FA297-B497-4F06-A6AE-87D73920AA57}.Debug|Any CPU.Build.0 = Debug|Any CPU
		{8B1FA297-B497-4F06-A6AE-87D73920AA57}.Release|Any CPU.ActiveCfg = Release|Any CPU
		{8B1FA297-B497-4F06-A6AE-87D73920AA57}.Release|Any CPU.Build.0 = Release|Any CPU
	EndGlobalSection
	GlobalSection(SolutionProperties) = preSolution
		HideSolutionNode = FALSE
	EndGlobalSection
EndGlobal
